
Microsoft Visual Studio Solution File, Format Version 12.00
# Visual Studio 15
VisualStudioVersion = 15.0.26228.12
MinimumVisualStudioVersion = 10.0.40219.1
Project("{FAE04EC0-301F-11D3-BF4B-00C04F79EFBC}") = "QandATest.UI", "QandATest.UI\QandATest.UI.csproj", "{D8342FA0-0359-45E7-94D4-921832E5A56C}"
EndProject
Project("{FAE04EC0-301F-11D3-BF4B-00C04F79EFBC}") = "QandATest.DataAccess", "QandATest.DataAccess\QandATest.DataAccess.csproj", "{C0A791A5-1705-49F4-BF63-57F63D87FF70}"
EndProject
Project("{FAE04EC0-301F-11D3-BF4B-00C04F79EFBC}") = "QandATest.DomainEntities", "QandATest.DomainEntities\QandATest.DomainEntities.csproj", "{1D1C214B-1AEF-40D9-BE33-798DB1362CEC}"
EndProject
Project("{FAE04EC0-301F-11D3-BF4B-00C04F79EFBC}") = "QandATest.Services", "QandATest.Services\QandATest.Services.csproj", "{D7782961-A726-4D1F-8D2A-5A050194493A}"
EndProject
Project("{FAE04EC0-301F-11D3-BF4B-00C04F79EFBC}") = "QandATest.Business", "QandATest.Business\QandATest.Business.csproj", "{37AE72DA-1BCE-44C2-A9FE-D0CFEF31FDC7}"
EndProject
Global
	GlobalSection(SolutionConfigurationPlatforms) = preSolution
		Debug|Any CPU = Debug|Any CPU
		Release|Any CPU = Release|Any CPU
	EndGlobalSection
	GlobalSection(ProjectConfigurationPlatforms) = postSolution
		{D8342FA0-0359-45E7-94D4-921832E5A56C}.Debug|Any CPU.ActiveCfg = Debug|Any CPU
		{D8342FA0-0359-45E7-94D4-921832E5A56C}.Debug|Any CPU.Build.0 = Debug|Any CPU
		{D8342FA0-0359-45E7-94D4-921832E5A56C}.Release|Any CPU.ActiveCfg = Release|Any CPU
		{D8342FA0-0359-45E7-94D4-921832E5A56C}.Release|Any CPU.Build.0 = Release|Any CPU
		{C0A791A5-1705-49F4-BF63-57F63D87FF70}.Debug|Any CPU.ActiveCfg = Debug|Any CPU
		{C0A791A5-1705-49F4-BF63-57F63D87FF70}.Debug|Any CPU.Build.0 = Debug|Any CPU
		{C0A791A5-1705-49F4-BF63-57F63D87FF70}.Release|Any CPU.ActiveCfg = Release|Any CPU
		{C0A791A5-1705-49F4-BF63-57F63D87FF70}.Release|Any CPU.Build.0 = Release|Any CPU
		{1D1C214B-1AEF-40D9-BE33-798DB1362CEC}.Debug|Any CPU.ActiveCfg = Debug|Any CPU
		{1D1C214B-1AEF-40D9-BE33-798DB1362CEC}.Debug|Any CPU.Build.0 = Debug|Any CPU
		{1D1C214B-1AEF-40D9-BE33-798DB1362CEC}.Release|Any CPU.ActiveCfg = Release|Any CPU
		{1D1C214B-1AEF-40D9-BE33-798DB1362CEC}.Release|Any CPU.Build.0 = Release|Any CPU
		{D7782961-A726-4D1F-8D2A-5A050194493A}.Debug|Any CPU.ActiveCfg = Debug|Any CPU
		{D7782961-A726-4D1F-8D2A-5A050194493A}.Debug|Any CPU.Build.0 = Debug|Any CPU
		{D7782961-A726-4D1F-8D2A-5A050194493A}.Release|Any CPU.ActiveCfg = Release|Any CPU
		{D7782961-A726-4D1F-8D2A-5A050194493A}.Release|Any CPU.Build.0 = Release|Any CPU
		{37AE72DA-1BCE-44C2-A9FE-D0CFEF31FDC7}.Debug|Any CPU.ActiveCfg = Debug|Any CPU
		{37AE72DA-1BCE-44C2-A9FE-D0CFEF31FDC7}.Debug|Any CPU.Build.0 = Debug|Any CPU
		{37AE72DA-1BCE-44C2-A9FE-D0CFEF31FDC7}.Release|Any CPU.ActiveCfg = Release|Any CPU
		{37AE72DA-1BCE-44C2-A9FE-D0CFEF31FDC7}.Release|Any CPU.Build.0 = Release|Any CPU
	EndGlobalSection
	GlobalSection(SolutionProperties) = preSolution
		HideSolutionNode = FALSE
	EndGlobalSection
EndGlobal
